# Generated by `moraine-publish lock-definitions` from the signed definition
# set. Apply it to an instance with `moraine-publish sync-definitions --lock`.
[[definition]]
kind = "game"
id = "gd:sha256:41c48357dbe658820a8ea0d315ed73c69322cf7a98c9fc0f24f3b28471186b13"

[[definition]]
kind = "runtime"
id = "gd:sha256:6e8b3ad58563370cfc6ab0dcf36e4176e6b6c20da097e4cde129da3c5d7050ea"

[[definition]]
kind = "loader"
id = "gd:sha256:01f372f9ac51c5d1dc16d3bd2baf2b7a3b41c11176639cb9c9f505edf1ea7f5d"

[[definition]]
kind = "loader"
id = "gd:sha256:05d5e337171b4fdf42b102132002ef871047427f73dcbcf2f5998c990d83fdcb"

[[definition]]
kind = "loader"
id = "gd:sha256:09822fc66f8e3f4997aef54b1064571b2ecbac011918bc9b624f818813c295b3"

[[definition]]
kind = "loader"
id = "gd:sha256:1644d5e1c601818c5c440d25887d94a18531ca796350b112a00b15b754c5d081"

[[definition]]
kind = "loader"
id = "gd:sha256:3da34628aa997a5691a285169f42c0ff50b8d50202f1c52ebf705d729ff4c05d"

[[definition]]
kind = "loader"
id = "gd:sha256:4955ca59cd93d484b36a38d8ad17e38cee3647ccea469b06a78c3fc2fcb5a9a9"

[[definition]]
kind = "loader"
id = "gd:sha256:8b4730815a1af34e2728e2af17401375dc3eb1d34892878fe1220c5565bdf59a"

[[definition]]
kind = "loader"
id = "gd:sha256:92475e84017687ae791ddf5b787172d94a524b6e3610dd4cc0b485dee52750f8"

[[definition]]
kind = "loader"
id = "gd:sha256:95e6c001de8d64478ede7b47d89f840c1c4afa49c8098709e52db28619794ebd"

[[definition]]
kind = "loader"
id = "gd:sha256:adef7530ef11e17924d23910334f0a928387fc368f6e49562cf8d7b796b0be5f"

[[definition]]
kind = "loader"
id = "gd:sha256:b43ad0bc0cdc577a03727be15a013c3e8fd9900a25d05ae87d4bc9876eda2639"

[[definition]]
kind = "loader"
id = "gd:sha256:b4bfd5bf17085833371e7056fe5f919c6777da2e1c3d9ea2f7e73f897dbc3f40"

[[definition]]
kind = "loader"
id = "gd:sha256:cc2df4b506c78554e8af17835b0163c229ea3942238a7c6c9bd3c2cd1187427e"

[[definition]]
kind = "loader"
id = "gd:sha256:f0cd08a81879ce28dd021780592d6071f6a8f572d3a2448beeda578ce8415ac1"
